{
  "name": "size-diff",
  "lockfileVersion": 3,
  "requires": true,
  "packages": {
    "": {
      "dependencies": {
        "@ipld/car": "^5.1.1",
        "@ipld/dag-cbor": "^9.0.0",
        "@ipld/dag-json": "^10.0.1",
        "@ipld/dag-pb": "^4.0.3",
        "@multiformats/blake2": "^1.0.13",
        "multiformats": "^11.0.2"
      }
    },
    "node_modules/@ipld/car": {
      "version": "5.1.1",
      "resolved": "https://registry.npmjs.org/@ipld/car/-/car-5.1.1.tgz",
      "integrity": "sha512-HoFTUqUJL9cPGhC9qRmHCvamfIsj1JllQSQ/Xu9/KN/VNJp8To9Ms4qiZPEMOwcrNFclfYqrahjGYbf4KL/d9A==",
      "dependencies": {
        "@ipld/dag-cbor": "^9.0.0",
        "cborg": "^1.9.0",
        "multiformats": "^11.0.0",
        "varint": "^6.0.0"
      },
      "engines": {
        "node": ">=16.0.0",
        "npm": ">=7.0.0"
      }
    },
    "node_modules/@ipld/dag-cbor": {
      "version": "9.0.0",
      "resolved": "https://registry.npmjs.org/@ipld/dag-cbor/-/dag-cbor-9.0.0.tgz",
      "integrity": "sha512-zdsiSiYDEOIDW7mmWOYWC9gukjXO+F8wqxz/LfN7iSwTfIyipC8+UQrCbPupFMRb/33XQTZk8yl3My8vUQBRoA==",
      "dependencies": {
        "cborg": "^1.10.0",
        "multiformats": "^11.0.0"
      },
      "engines": {
        "node": ">=16.0.0",
        "npm": ">=7.0.0"
      }
    },
    "node_modules/@ipld/dag-json": {
      "version": "10.0.1",
      "resolved": "https://registry.npmjs.org/@ipld/dag-json/-/dag-json-10.0.1.tgz",
      "integrity": "sha512-XE1Eqw3eNVrSfOhtqCM/gwCxEgYFBzkDlkwhEeMmMvhd0rLBfSyVzXbahZSlv97tiTPEIx5rt41gcFAda3W8zg==",
      "dependencies": {
        "cborg": "^1.10.0",
        "multiformats": "^11.0.0"
      },
      "engines": {
        "node": ">=16.0.0",
        "npm": ">=7.0.0"
      }
    },
    "node_modules/@ipld/dag-pb": {
      "version": "4.0.3",
      "resolved": "https://registry.npmjs.org/@ipld/dag-pb/-/dag-pb-4.0.3.tgz",
      "integrity": "sha512-bOe+Z2ZJs9pmP/aIUBYMTdXq0i5z1x71qXeOIIhZvnKFLuzTIbbW0u5b7OfTGzUEbSv1dkUZBIXa7G/+OA8dnA==",
      "dependencies": {
        "multiformats": "^11.0.0"
      },
      "engines": {
        "node": ">=16.0.0",
        "npm": ">=7.0.0"
      }
    },
    "node_modules/@multiformats/blake2": {
      "version": "1.0.13",
      "resolved": "https://registry.npmjs.org/@multiformats/blake2/-/blake2-1.0.13.tgz",
      "integrity": "sha512-T1Kzya0wjj85CaVeRSpJ858EnSvW1pw94GSitxYf84VsNdv5XYbJ6QG8y26Ft1bVALzrUCmqkQrR53QHSyu6RA==",
      "dependencies": {
        "blakejs": "^1.1.1",
        "multiformats": "^9.5.4"
      }
    },
    "node_modules/@multiformats/blake2/node_modules/multiformats": {
      "version": "9.9.0",
      "resolved": "https://registry.npmjs.org/multiformats/-/multiformats-9.9.0.tgz",
      "integrity": "sha512-HoMUjhH9T8DDBNT+6xzkrd9ga/XiBI4xLr58LJACwK6G3HTOPeMz4nB4KJs33L2BelrIJa7P0VuNaVF3hMYfjg=="
    },
    "node_modules/blakejs": {
      "version": "1.2.1",
      "resolved": "https://registry.npmjs.org/blakejs/-/blakejs-1.2.1.tgz",
      "integrity": "sha512-QXUSXI3QVc/gJME0dBpXrag1kbzOqCjCX8/b54ntNyW6sjtoqxqRk3LTmXzaJoh71zMsDCjM+47jS7XiwN/+fQ=="
    },
    "node_modules/cborg": {
      "version": "1.10.2",
      "resolved": "https://registry.npmjs.org/cborg/-/cborg-1.10.2.tgz",
      "integrity": "sha512-b3tFPA9pUr2zCUiCfRd2+wok2/LBSNUMKOuRRok+WlvvAgEt/PlbgPTsZUcwCOs53IJvLgTp0eotwtosE6njug==",
      "bin": {
        "cborg": "cli.js"
      }
    },
    "node_modules/multiformats": {
      "version": "11.0.2",
      "resolved": "https://registry.npmjs.org/multiformats/-/multiformats-11.0.2.tgz",
      "integrity": "sha512-b5mYMkOkARIuVZCpvijFj9a6m5wMVLC7cf/jIPd5D/ARDOfLC5+IFkbgDXQgcU2goIsTD/O9NY4DI/Mt4OGvlg==",
      "engines": {
        "node": ">=16.0.0",
        "npm": ">=7.0.0"
      }
    },
    "node_modules/varint": {
      "version": "6.0.0",
      "resolved": "https://registry.npmjs.org/varint/-/varint-6.0.0.tgz",
      "integrity": "sha512-cXEIW6cfr15lFv563k4GuVuW/fiwjknytD37jIOLSdSWuOI6WnO/oKwmP2FQTU2l01LP8/M5TSAJpzUaGe3uWg=="
    }
  }
}
